
Microsoft Visual Studio Solution File, Format Version 12.00
# Visual Studio Version 17
VisualStudioVersion = 17.5.002.0
MinimumVisualStudioVersion = 10.0.40219.1
Project("{9A19103F-16F7-4668-BE54-9A1E7A4F7556}") = "Task_tracker_API", "Task_tracker_API.csproj", "{AD16371A-AC7E-466B-B61C-2003725DFF28}"
EndProject
Global
	GlobalSection(SolutionConfigurationPlatforms) = preSolution
		Debug|Any CPU = Debug|Any CPU
		Release|Any CPU = Release|Any CPU
	EndGlobalSection
	GlobalSection(ProjectConfigurationPlatforms) = postSolution
		{AD16371A-AC7E-466B-B61C-2003725DFF28}.Debug|Any CPU.ActiveCfg = Debug|Any CPU
		{AD16371A-AC7E-466B-B61C-2003725DFF28}.Debug|Any CPU.Build.0 = Debug|Any CPU
		{AD16371A-AC7E-466B-B61C-2003725DFF28}.Release|Any CPU.ActiveCfg = Release|Any CPU
		{AD16371A-AC7E-466B-B61C-2003725DFF28}.Release|Any CPU.Build.0 = Release|Any CPU
	EndGlobalSection
	GlobalSection(SolutionProperties) = preSolution
		HideSolutionNode = FALSE
	EndGlobalSection
	GlobalSection(ExtensibilityGlobals) = postSolution
		SolutionGuid = {CABB7D2A-FB06-497D-B663-458F0B4C0456}
	EndGlobalSection
EndGlobal
